
Microsoft Visual Studio Solution File, Format Version 12.00
# Visual Studio Version 16
VisualStudioVersion = 16.0.31205.134
MinimumVisualStudioVersion = 10.0.40219.1
Project("{FAE04EC0-301F-11D3-BF4B-00C04F79EFBC}") = "IndianStateCensusAnalyzer", "IndianStateCensusAnalyzer\IndianStateCensusAnalyzer.csproj", "{570FE641-B02D-42F8-AD64-83FB2C70843E}"
EndProject
Project("{FAE04EC0-301F-11D3-BF4B-00C04F79EFBC}") = "TestProject2", "TestProject2\TestProject2.csproj", "{77F3D162-2DF9-421C-9B64-130864023392}"
EndProject
Global
	GlobalSection(SolutionConfigurationPlatforms) = preSolution
		Debug|Any CPU = Debug|Any CPU
		Release|Any CPU = Release|Any CPU
	EndGlobalSection
	GlobalSection(ProjectConfigurationPlatforms) = postSolution
		{570FE641-B02D-42F8-AD64-83FB2C70843E}.Debug|Any CPU.ActiveCfg = Debug|Any CPU
		{570FE641-B02D-42F8-AD64-83FB2C70843E}.Debug|Any CPU.Build.0 = Debug|Any CPU
		{570FE641-B02D-42F8-AD64-83FB2C70843E}.Release|Any CPU.ActiveCfg = Release|Any CPU
		{570FE641-B02D-42F8-AD64-83FB2C70843E}.Release|Any CPU.Build.0 = Release|Any CPU
		{77F3D162-2DF9-421C-9B64-130864023392}.Debug|Any CPU.ActiveCfg = Debug|Any CPU
		{77F3D162-2DF9-421C-9B64-130864023392}.Debug|Any CPU.Build.0 = Debug|Any CPU
		{77F3D162-2DF9-421C-9B64-130864023392}.Release|Any CPU.ActiveCfg = Release|Any CPU
		{77F3D162-2DF9-421C-9B64-130864023392}.Release|Any CPU.Build.0 = Release|Any CPU
	EndGlobalSection
	GlobalSection(SolutionProperties) = preSolution
		HideSolutionNode = FALSE
	EndGlobalSection
	GlobalSection(ExtensibilityGlobals) = postSolution
		SolutionGuid = {C6744F71-B711-432D-9523-11BD00C844E3}
	EndGlobalSection
EndGlobal
